dependencies:
  chmorgan/esp-audio-player:
    dependencies: []
    source:
      path: /home/dingjun/workspace/esp32/esp32_projects/ESP32_S3_Touch_LCD_1p85/components/chmorgan__esp-audio-player
      type: local
    version: 1.0.7
  chmorgan/esp-libhelix-mp3:
    dependencies: []
    source:
      path: /home/dingjun/workspace/esp32/esp32_projects/ESP32_S3_Touch_LCD_1p85/components/chmorgan__esp-libhelix-mp3
      type: local
    version: 1.0.3
  espressif/esp-dsp:
    dependencies: []
    source:
      path: /home/dingjun/workspace/esp32/esp32_projects/ESP32_S3_Touch_LCD_1p85/components/espressif__esp-dsp
      type: local
    version: 1.4.12
  espressif/esp-sr:
    dependencies: []
    source:
      path: /home/dingjun/workspace/esp32/esp32_projects/ESP32_S3_Touch_LCD_1p85/components/espressif__esp-sr
      type: local
    version: 1.9.4
  espressif/freetype:
    dependencies: []
    source:
      path: /home/dingjun/workspace/esp32/esp32_projects/ESP32_S3_Touch_LCD_1p85/components/espressif__freetype
      type: local
    version: 2.13.3~1
  idf:
    source:
      type: idf
    version: 5.4.1
  lvgl/lvgl:
    dependencies: []
    source:
      path: /home/dingjun/workspace/esp32/esp32_projects/ESP32_S3_Touch_LCD_1p85/components/lvgl__lvgl
      type: local
    version: 8.3.11
direct_dependencies:
- chmorgan/esp-audio-player
- chmorgan/esp-libhelix-mp3
- espressif/esp-dsp
- espressif/esp-sr
- espressif/freetype
- idf
- lvgl/lvgl
manifest_hash: faf38da0752229947ea0f37cdd336b8185925aeb08547cd7b21d3a7bf9562571
target: esp32s3
version: 2.0.0
